// !$*UTF8*$!
{
	archiveVersion = 1;
	classes = {
	};
	objectVersion = 46;
	objects = {

/* Begin PBXBuildFile section */
		784091911D96DFBA002074C2 /* JSONProcessing.swift in Sources */ = {isa = PBXBuildFile; fileRef = 784091901D96DFBA002074C2 /* JSONProcessing.swift */; };
		784091961D970F66002074C2 /* emptyBookCover.png in Resources */ = {isa = PBXBuildFile; fileRef = 784091931D970F66002074C2 /* emptyBookCover.png */; };
		784091971D970F66002074C2 /* emptyPdf.pdf in Resources */ = {isa = PBXBuildFile; fileRef = 784091941D970F66002074C2 /* emptyPdf.pdf */; };
		784091981D970F66002074C2 /* books_readable.json in Resources */ = {isa = PBXBuildFile; fileRef = 784091951D970F66002074C2 /* books_readable.json */; };
		784DEE361D91B3030043153A /* CoreDataStack.swift in Sources */ = {isa = PBXBuildFile; fileRef = 784DEE351D91B3030043153A /* CoreDataStack.swift */; };
		784DEE441D91B38E0043153A /* Book+CoreDataClass.swift in Sources */ = {isa = PBXBuildFile; fileRef = 784DEE381D91B38E0043153A /* Book+CoreDataClass.swift */; };
		784DEE451D91B38E0043153A /* Book+CoreDataProperties.swift in Sources */ = {isa = PBXBuildFile; fileRef = 784DEE391D91B38E0043153A /* Book+CoreDataProperties.swift */; };
		784DEE461D91B38E0043153A /* BookCover+CoreDataClass.swift in Sources */ = {isa = PBXBuildFile; fileRef = 784DEE3A1D91B38E0043153A /* BookCover+CoreDataClass.swift */; };
		784DEE471D91B38E0043153A /* BookCover+CoreDataProperties.swift in Sources */ = {isa = PBXBuildFile; fileRef = 784DEE3B1D91B38E0043153A /* BookCover+CoreDataProperties.swift */; };
		784DEE481D91B38E0043153A /* BookTag+CoreDataClass.swift in Sources */ = {isa = PBXBuildFile; fileRef = 784DEE3C1D91B38E0043153A /* BookTag+CoreDataClass.swift */; };
		784DEE491D91B38E0043153A /* BookTag+CoreDataProperties.swift in Sources */ = {isa = PBXBuildFile; fileRef = 784DEE3D1D91B38E0043153A /* BookTag+CoreDataProperties.swift */; };
		784DEE4A1D91B38E0043153A /* Author+CoreDataClass.swift in Sources */ = {isa = PBXBuildFile; fileRef = 784DEE3E1D91B38E0043153A /* Author+CoreDataClass.swift */; };
		784DEE4B1D91B38E0043153A /* Author+CoreDataProperties.swift in Sources */ = {isa = PBXBuildFile; fileRef = 784DEE3F1D91B38E0043153A /* Author+CoreDataProperties.swift */; };
		784DEE4C1D91B38E0043153A /* Tag+CoreDataClass.swift in Sources */ = {isa = PBXBuildFile; fileRef = 784DEE401D91B38E0043153A /* Tag+CoreDataClass.swift */; };
		784DEE4D1D91B38E0043153A /* Tag+CoreDataProperties.swift in Sources */ = {isa = PBXBuildFile; fileRef = 784DEE411D91B38E0043153A /* Tag+CoreDataProperties.swift */; };
		784DEE4E1D91B38E0043153A /* Pdf+CoreDataClass.swift in Sources */ = {isa = PBXBuildFile; fileRef = 784DEE421D91B38E0043153A /* Pdf+CoreDataClass.swift */; };
		784DEE4F1D91B38E0043153A /* Pdf+CoreDataProperties.swift in Sources */ = {isa = PBXBuildFile; fileRef = 784DEE431D91B38E0043153A /* Pdf+CoreDataProperties.swift */; };
		784DEE561D91CE2C0043153A /* Photo+CoreDataClass.swift in Sources */ = {isa = PBXBuildFile; fileRef = 784DEE501D91CE2C0043153A /* Photo+CoreDataClass.swift */; };
		784DEE571D91CE2C0043153A /* Photo+CoreDataProperties.swift in Sources */ = {isa = PBXBuildFile; fileRef = 784DEE511D91CE2C0043153A /* Photo+CoreDataProperties.swift */; };
		784DEE581D91CE2C0043153A /* Localization+CoreDataClass.swift in Sources */ = {isa = PBXBuildFile; fileRef = 784DEE521D91CE2C0043153A /* Localization+CoreDataClass.swift */; };
		784DEE591D91CE2C0043153A /* Localization+CoreDataProperties.swift in Sources */ = {isa = PBXBuildFile; fileRef = 784DEE531D91CE2C0043153A /* Localization+CoreDataProperties.swift */; };
		784DEE5A1D91CE2C0043153A /* Note+CoreDataClass.swift in Sources */ = {isa = PBXBuildFile; fileRef = 784DEE541D91CE2C0043153A /* Note+CoreDataClass.swift */; };
		784DEE5B1D91CE2C0043153A /* Note+CoreDataProperties.swift in Sources */ = {isa = PBXBuildFile; fileRef = 784DEE551D91CE2C0043153A /* Note+CoreDataProperties.swift */; };
		786C22F21D8F1BAA0045B545 /* AppDelegate.swift in Sources */ = {isa = PBXBuildFile; fileRef = 786C22F11D8F1BAA0045B545 /* AppDelegate.swift */; };
		786C22F91D8F1BAA0045B545 /* Assets.xcassets in Resources */ = {isa = PBXBuildFile; fileRef = 786C22F81D8F1BAA0045B545 /* Assets.xcassets */; };
		786C22FC1D8F1BAA0045B545 /* LaunchScreen.storyboard in Resources */ = {isa = PBXBuildFile; fileRef = 786C22FA1D8F1BAA0045B545 /* LaunchScreen.storyboard */; };
		786C23051D8F1BBE0045B545 /* Model.xcdatamodeld in Sources */ = {isa = PBXBuildFile; fileRef = 786C23031D8F1BBE0045B545 /* Model.xcdatamodeld */; };
		78719C231D9D8A9400D82A85 /* BookTableViewCell.swift in Sources */ = {isa = PBXBuildFile; fileRef = 78719C211D9D8A9400D82A85 /* BookTableViewCell.swift */; };
		78719C241D9D8A9400D82A85 /* BookTableViewCell.xib in Resources */ = {isa = PBXBuildFile; fileRef = 78719C221D9D8A9400D82A85 /* BookTableViewCell.xib */; };
		7877346A1DA10DD00018D734 /* Utils.swift in Sources */ = {isa = PBXBuildFile; fileRef = 787734691DA10DD00018D734 /* Utils.swift */; };
		7877346C1DA15E4B0018D734 /* CoreDataCollectionViewController.swift in Sources */ = {isa = PBXBuildFile; fileRef = 7877346B1DA15E4B0018D734 /* CoreDataCollectionViewController.swift */; };
		7877346E1DA15F660018D734 /* AnnotationViewController.swift in Sources */ = {isa = PBXBuildFile; fileRef = 7877346D1DA15F660018D734 /* AnnotationViewController.swift */; };
		787734731DA1615A0018D734 /* NoteViewController.swift in Sources */ = {isa = PBXBuildFile; fileRef = 7877346F1DA1615A0018D734 /* NoteViewController.swift */; };
		787734741DA1615A0018D734 /* NoteViewController.xib in Resources */ = {isa = PBXBuildFile; fileRef = 787734701DA1615A0018D734 /* NoteViewController.xib */; };
		787734751DA1615A0018D734 /* PhotoViewController.swift in Sources */ = {isa = PBXBuildFile; fileRef = 787734711DA1615A0018D734 /* PhotoViewController.swift */; };
		787734761DA1615A0018D734 /* PhotoViewController.xib in Resources */ = {isa = PBXBuildFile; fileRef = 787734721DA1615A0018D734 /* PhotoViewController.xib */; };
		787734781DA162C40018D734 /* NoteViewCell.xib in Resources */ = {isa = PBXBuildFile; fileRef = 787734771DA162C40018D734 /* NoteViewCell.xib */; };
		7877347A1DA162E60018D734 /* NoteViewCell.swift in Sources */ = {isa = PBXBuildFile; fileRef = 787734791DA162E60018D734 /* NoteViewCell.swift */; };
		7877347C1DA188460018D734 /* AnnotationViewController.xib in Resources */ = {isa = PBXBuildFile; fileRef = 7877347B1DA188460018D734 /* AnnotationViewController.xib */; };
		78800EBE1D9FCA09006C147D /* AsyncData.swift in Sources */ = {isa = PBXBuildFile; fileRef = 78800EBD1D9FCA09006C147D /* AsyncData.swift */; };
		78800EC11DA01B3E006C147D /* BookViewController.swift in Sources */ = {isa = PBXBuildFile; fileRef = 78800EBF1DA01B3E006C147D /* BookViewController.swift */; };
		78800EC21DA01B3E006C147D /* BookViewController.xib in Resources */ = {isa = PBXBuildFile; fileRef = 78800EC01DA01B3E006C147D /* BookViewController.xib */; };
		78800EC51DA01CE7006C147D /* PDFViewController.swift in Sources */ = {isa = PBXBuildFile; fileRef = 78800EC31DA01CE7006C147D /* PDFViewController.swift */; };
		78800EC61DA01CE7006C147D /* PDFViewController.xib in Resources */ = {isa = PBXBuildFile; fileRef = 78800EC41DA01CE7006C147D /* PDFViewController.xib */; };
		78F64F7B1D97D2CB0049424F /* CoreDataTableViewController.swift in Sources */ = {isa = PBXBuildFile; fileRef = 78F64F7A1D97D2CB0049424F /* CoreDataTableViewController.swift */; };
		78F64F7F1D97E7020049424F /* ModalViewController.xib in Resources */ = {isa = PBXBuildFile; fileRef = 78F64F7E1D97E7020049424F /* ModalViewController.xib */; };
		78F64F811D97E8410049424F /* ModalViewController.swift in Sources */ = {isa = PBXBuildFile; fileRef = 78F64F801D97E8410049424F /* ModalViewController.swift */; };
		78F64F831D982B320049424F /* LibraryViewController.swift in Sources */ = {isa = PBXBuildFile; fileRef = 78F64F821D982B320049424F /* LibraryViewController.swift */; };
/* End PBXBuildFile section */

/* Begin PBXFileReference section */
		784091901D96DFBA002074C2 /* JSONProcessing.swift */ = {isa = PBXFileReference; fileEncoding = 4; lastKnownFileType = sourcecode.swift; path = JSONProcessing.swift; sourceTree = "<group>"; };
		784091931D970F66002074C2 /* emptyBookCover.png */ = {isa = PBXFileReference; lastKnownFileType = image.png; path = emptyBookCover.png; sourceTree = "<group>"; };
		784091941D970F66002074C2 /* emptyPdf.pdf */ = {isa = PBXFileReference; lastKnownFileType = image.pdf; path = emptyPdf.pdf; sourceTree = "<group>"; };
		784091951D970F66002074C2 /* books_readable.json */ = {isa = PBXFileReference; fileEncoding = 4; lastKnownFileType = text.json; path = books_readable.json; sourceTree = "<group>"; };
		784091991D9719DB002074C2 /* Model2.xcdatamodel */ = {isa = PBXFileReference; lastKnownFileType = wrapper.xcdatamodel; path = Model2.xcdatamodel; sourceTree = "<group>"; };
		784DEE351D91B3030043153A /* CoreDataStack.swift */ = {isa = PBXFileReference; fileEncoding = 4; lastKnownFileType = sourcecode.swift; path = CoreDataStack.swift; sourceTree = "<group>"; };
		784DEE381D91B38E0043153A /* Book+CoreDataClass.swift */ = {isa = PBXFileReference; fileEncoding = 4; lastKnownFileType = sourcecode.swift; path = "Book+CoreDataClass.swift"; sourceTree = "<group>"; };
		784DEE391D91B38E0043153A /* Book+CoreDataProperties.swift */ = {isa = PBXFileReference; fileEncoding = 4; lastKnownFileType = sourcecode.swift; path = "Book+CoreDataProperties.swift"; sourceTree = "<group>"; };
		784DEE3A1D91B38E0043153A /* BookCover+CoreDataClass.swift */ = {isa = PBXFileReference; fileEncoding = 4; lastKnownFileType = sourcecode.swift; path = "BookCover+CoreDataClass.swift"; sourceTree = "<group>"; };
		784DEE3B1D91B38E0043153A /* BookCover+CoreDataProperties.swift */ = {isa = PBXFileReference; fileEncoding = 4; lastKnownFileType = sourcecode.swift; path = "BookCover+CoreDataProperties.swift"; sourceTree = "<group>"; };
		784DEE3C1D91B38E0043153A /* BookTag+CoreDataClass.swift */ = {isa = PBXFileReference; fileEncoding = 4; lastKnownFileType = sourcecode.swift; path = "BookTag+CoreDataClass.swift"; sourceTree = "<group>"; };
		784DEE3D1D91B38E0043153A /* BookTag+CoreDataProperties.swift */ = {isa = PBXFileReference; fileEncoding = 4; lastKnownFileType = sourcecode.swift; path = "BookTag+CoreDataProperties.swift"; sourceTree = "<group>"; };
		784DEE3E1D91B38E0043153A /* Author+CoreDataClass.swift */ = {isa = PBXFileReference; fileEncoding = 4; lastKnownFileType = sourcecode.swift; path = "Author+CoreDataClass.swift"; sourceTree = "<group>"; };
		784DEE3F1D91B38E0043153A /* Author+CoreDataProperties.swift */ = {isa = PBXFileReference; fileEncoding = 4; lastKnownFileType = sourcecode.swift; path = "Author+CoreDataProperties.swift"; sourceTree = "<group>"; };
		784DEE401D91B38E0043153A /* Tag+CoreDataClass.swift */ = {isa = PBXFileReference; fileEncoding = 4; lastKnownFileType = sourcecode.swift; path = "Tag+CoreDataClass.swift"; sourceTree = "<group>"; };
		784DEE411D91B38E0043153A /* Tag+CoreDataProperties.swift */ = {isa = PBXFileReference; fileEncoding = 4; lastKnownFileType = sourcecode.swift; path = "Tag+CoreDataProperties.swift"; sourceTree = "<group>"; };
		784DEE421D91B38E0043153A /* Pdf+CoreDataClass.swift */ = {isa = PBXFileReference; fileEncoding = 4; lastKnownFileType = sourcecode.swift; path = "Pdf+CoreDataClass.swift"; sourceTree = "<group>"; };
		784DEE431D91B38E0043153A /* Pdf+CoreDataProperties.swift */ = {isa = PBXFileReference; fileEncoding = 4; lastKnownFileType = sourcecode.swift; path = "Pdf+CoreDataProperties.swift"; sourceTree = "<group>"; };
		784DEE501D91CE2C0043153A /* Photo+CoreDataClass.swift */ = {isa = PBXFileReference; fileEncoding = 4; lastKnownFileType = sourcecode.swift; path = "Photo+CoreDataClass.swift"; sourceTree = "<group>"; };
		784DEE511D91CE2C0043153A /* Photo+CoreDataProperties.swift */ = {isa = PBXFileReference; fileEncoding = 4; lastKnownFileType = sourcecode.swift; path = "Photo+CoreDataProperties.swift"; sourceTree = "<group>"; };
		784DEE521D91CE2C0043153A /* Localization+CoreDataClass.swift */ = {isa = PBXFileReference; fileEncoding = 4; lastKnownFileType = sourcecode.swift; path = "Localization+CoreDataClass.swift"; sourceTree = "<group>"; };
		784DEE531D91CE2C0043153A /* Localization+CoreDataProperties.swift */ = {isa = PBXFileReference; fileEncoding = 4; lastKnownFileType = sourcecode.swift; path = "Localization+CoreDataProperties.swift"; sourceTree = "<group>"; };
		784DEE541D91CE2C0043153A /* Note+CoreDataClass.swift */ = {isa = PBXFileReference; fileEncoding = 4; lastKnownFileType = sourcecode.swift; path = "Note+CoreDataClass.swift"; sourceTree = "<group>"; };
		784DEE551D91CE2C0043153A /* Note+CoreDataProperties.swift */ = {isa = PBXFileReference; fileEncoding = 4; lastKnownFileType = sourcecode.swift; path = "Note+CoreDataProperties.swift"; sourceTree = "<group>"; };
		786C22EE1D8F1BAA0045B545 /* HackerBooksPro.app */ = {isa = PBXFileReference; explicitFileType = wrapper.application; includeInIndex = 0; path = HackerBooksPro.app; sourceTree = BUILT_PRODUCTS_DIR; };
		786C22F11D8F1BAA0045B545 /* AppDelegate.swift */ = {isa = PBXFileReference; lastKnownFileType = sourcecode.swift; path = AppDelegate.swift; sourceTree = "<group>"; };
		786C22F81D8F1BAA0045B545 /* Assets.xcassets */ = {isa = PBXFileReference; lastKnownFileType = folder.assetcatalog; path = Assets.xcassets; sourceTree = "<group>"; };
		786C22FB1D8F1BAA0045B545 /* Base */ = {isa = PBXFileReference; lastKnownFileType = file.storyboard; name = Base; path = Base.lproj/LaunchScreen.storyboard; sourceTree = "<group>"; };
		786C22FD1D8F1BAA0045B545 /* Info.plist */ = {isa = PBXFileReference; lastKnownFileType = text.plist.xml; path = Info.plist; sourceTree = "<group>"; };
		786C23041D8F1BBE0045B545 /* Model.xcdatamodel */ = {isa = PBXFileReference; lastKnownFileType = wrapper.xcdatamodel; path = Model.xcdatamodel; sourceTree = "<group>"; };
		78719C211D9D8A9400D82A85 /* BookTableViewCell.swift */ = {isa = PBXFileReference; fileEncoding = 4; lastKnownFileType = sourcecode.swift; path = BookTableViewCell.swift; sourceTree = "<group>"; };
		78719C221D9D8A9400D82A85 /* BookTableViewCell.xib */ = {isa = PBXFileReference; fileEncoding = 4; lastKnownFileType = file.xib; path = BookTableViewCell.xib; sourceTree = "<group>"; };
		787734691DA10DD00018D734 /* Utils.swift */ = {isa = PBXFileReference; fileEncoding = 4; lastKnownFileType = sourcecode.swift; path = Utils.swift; sourceTree = "<group>"; };
		7877346B1DA15E4B0018D734 /* CoreDataCollectionViewController.swift */ = {isa = PBXFileReference; fileEncoding = 4; lastKnownFileType = sourcecode.swift; path = CoreDataCollectionViewController.swift; sourceTree = "<group>"; };
		7877346D1DA15F660018D734 /* AnnotationViewController.swift */ = {isa = PBXFileReference; fileEncoding = 4; lastKnownFileType = sourcecode.swift; path = AnnotationViewController.swift; sourceTree = "<group>"; };
		7877346F1DA1615A0018D734 /* NoteViewController.swift */ = {isa = PBXFileReference; fileEncoding = 4; lastKnownFileType = sourcecode.swift; path = NoteViewController.swift; sourceTree = "<group>"; };
		787734701DA1615A0018D734 /* NoteViewController.xib */ = {isa = PBXFileReference; fileEncoding = 4; lastKnownFileType = file.xib; path = NoteViewController.xib; sourceTree = "<group>"; };
		787734711DA1615A0018D734 /* PhotoViewController.swift */ = {isa = PBXFileReference; fileEncoding = 4; lastKnownFileType = sourcecode.swift; path = PhotoViewController.swift; sourceTree = "<group>"; };
		787734721DA1615A0018D734 /* PhotoViewController.xib */ = {isa = PBXFileReference; fileEncoding = 4; lastKnownFileType = file.xib; path = PhotoViewController.xib; sourceTree = "<group>"; };
		787734771DA162C40018D734 /* NoteViewCell.xib */ = {isa = PBXFileReference; fileEncoding = 4; lastKnownFileType = file.xib; path = NoteViewCell.xib; sourceTree = "<group>"; };
		787734791DA162E60018D734 /* NoteViewCell.swift */ = {isa = PBXFileReference; fileEncoding = 4; lastKnownFileType = sourcecode.swift; path = NoteViewCell.swift; sourceTree = "<group>"; };
		7877347B1DA188460018D734 /* AnnotationViewController.xib */ = {isa = PBXFileReference; fileEncoding = 4; lastKnownFileType = file.xib; path = AnnotationViewController.xib; sourceTree = "<group>"; };
		78800EBD1D9FCA09006C147D /* AsyncData.swift */ = {isa = PBXFileReference; fileEncoding = 4; lastKnownFileType = sourcecode.swift; path = AsyncData.swift; sourceTree = "<group>"; };
		78800EBF1DA01B3E006C147D /* BookViewController.swift */ = {isa = PBXFileReference; fileEncoding = 4; lastKnownFileType = sourcecode.swift; path = BookViewController.swift; sourceTree = "<group>"; };
		78800EC01DA01B3E006C147D /* BookViewController.xib */ = {isa = PBXFileReference; fileEncoding = 4; lastKnownFileType = file.xib; path = BookViewController.xib; sourceTree = "<group>"; };
		78800EC31DA01CE7006C147D /* PDFViewController.swift */ = {isa = PBXFileReference; fileEncoding = 4; lastKnownFileType = sourcecode.swift; path = PDFViewController.swift; sourceTree = "<group>"; };
		78800EC41DA01CE7006C147D /* PDFViewController.xib */ = {isa = PBXFileReference; fileEncoding = 4; lastKnownFileType = file.xib; path = PDFViewController.xib; sourceTree = "<group>"; };
		78F64F7A1D97D2CB0049424F /* CoreDataTableViewController.swift */ = {isa = PBXFileReference; fileEncoding = 4; lastKnownFileType = sourcecode.swift; path = CoreDataTableViewController.swift; sourceTree = "<group>"; };
		78F64F7E1D97E7020049424F /* ModalViewController.xib */ = {isa = PBXFileReference; fileEncoding = 4; lastKnownFileType = file.xib; path = ModalViewController.xib; sourceTree = "<group>"; };
		78F64F801D97E8410049424F /* ModalViewController.swift */ = {isa = PBXFileReference; fileEncoding = 4; lastKnownFileType = sourcecode.swift; path = ModalViewController.swift; sourceTree = "<group>"; };
		78F64F821D982B320049424F /* LibraryViewController.swift */ = {isa = PBXFileReference; fileEncoding = 4; lastKnownFileType = sourcecode.swift; path = LibraryViewController.swift; sourceTree = "<group>"; };
/* End PBXFileReference section */

/* Begin PBXFrameworksBuildPhase section */
		786C22EB1D8F1BAA0045B545 /* Frameworks */ = {
			isa = PBXFrameworksBuildPhase;
			buildActionMask = 2147483647;
			files = (
			);
			runOnlyForDeploymentPostprocessing = 0;
		};
/* End PBXFrameworksBuildPhase section */

/* Begin PBXGroup section */
		784091921D970F4D002074C2 /* Resources */ = {
			isa = PBXGroup;
			children = (
				784091931D970F66002074C2 /* emptyBookCover.png */,
				784091941D970F66002074C2 /* emptyPdf.pdf */,
				784091951D970F66002074C2 /* books_readable.json */,
			);
			name = Resources;
			sourceTree = "<group>";
		};
		784DEE341D91B29B0043153A /* Model */ = {
			isa = PBXGroup;
			children = (
				784091901D96DFBA002074C2 /* JSONProcessing.swift */,
				784DEE351D91B3030043153A /* CoreDataStack.swift */,
				784DEE371D91B3080043153A /* Managed */,
				786C23031D8F1BBE0045B545 /* Model.xcdatamodeld */,
			);
			name = Model;
			sourceTree = "<group>";
		};
		784DEE371D91B3080043153A /* Managed */ = {
			isa = PBXGroup;
			children = (
				784DEE501D91CE2C0043153A /* Photo+CoreDataClass.swift */,
				784DEE511D91CE2C0043153A /* Photo+CoreDataProperties.swift */,
				784DEE521D91CE2C0043153A /* Localization+CoreDataClass.swift */,
				784DEE531D91CE2C0043153A /* Localization+CoreDataProperties.swift */,
				784DEE541D91CE2C0043153A /* Note+CoreDataClass.swift */,
				784DEE551D91CE2C0043153A /* Note+CoreDataProperties.swift */,
				784DEE381D91B38E0043153A /* Book+CoreDataClass.swift */,
				784DEE391D91B38E0043153A /* Book+CoreDataProperties.swift */,
				784DEE3A1D91B38E0043153A /* BookCover+CoreDataClass.swift */,
				784DEE3B1D91B38E0043153A /* BookCover+CoreDataProperties.swift */,
				784DEE3C1D91B38E0043153A /* BookTag+CoreDataClass.swift */,
				784DEE3D1D91B38E0043153A /* BookTag+CoreDataProperties.swift */,
				784DEE3E1D91B38E0043153A /* Author+CoreDataClass.swift */,
				784DEE3F1D91B38E0043153A /* Author+CoreDataProperties.swift */,
				784DEE401D91B38E0043153A /* Tag+CoreDataClass.swift */,
				784DEE411D91B38E0043153A /* Tag+CoreDataProperties.swift */,
				784DEE421D91B38E0043153A /* Pdf+CoreDataClass.swift */,
				784DEE431D91B38E0043153A /* Pdf+CoreDataProperties.swift */,
			);
			name = Managed;
			sourceTree = "<group>";
		};
		786C22E51D8F1BAA0045B545 = {
			isa = PBXGroup;
			children = (
				786C22F01D8F1BAA0045B545 /* HackerBooksPro */,
				786C22EF1D8F1BAA0045B545 /* Products */,
			);
			sourceTree = "<group>";
		};
		786C22EF1D8F1BAA0045B545 /* Products */ = {
			isa = PBXGroup;
			children = (
				786C22EE1D8F1BAA0045B545 /* HackerBooksPro.app */,
			);
			name = Products;
			sourceTree = "<group>";
		};
		786C22F01D8F1BAA0045B545 /* HackerBooksPro */ = {
			isa = PBXGroup;
			children = (
				78800EBC1D9FC9F7006C147D /* NetworkUtils */,
				78719C201D9D8A7F00D82A85 /* Views */,
				78F64F791D97D2BD0049424F /* Controllers */,
				784091921D970F4D002074C2 /* Resources */,
				786C22F11D8F1BAA0045B545 /* AppDelegate.swift */,
				787734691DA10DD00018D734 /* Utils.swift */,
				786C22F81D8F1BAA0045B545 /* Assets.xcassets */,
				786C22FA1D8F1BAA0045B545 /* LaunchScreen.storyboard */,
				786C22FD1D8F1BAA0045B545 /* Info.plist */,
				784DEE341D91B29B0043153A /* Model */,
			);
			path = HackerBooksPro;
			sourceTree = "<group>";
		};
		78719C201D9D8A7F00D82A85 /* Views */ = {
			isa = PBXGroup;
			children = (
				78719C211D9D8A9400D82A85 /* BookTableViewCell.swift */,
				78719C221D9D8A9400D82A85 /* BookTableViewCell.xib */,
				787734791DA162E60018D734 /* NoteViewCell.swift */,
				787734771DA162C40018D734 /* NoteViewCell.xib */,
			);
			name = Views;
			sourceTree = "<group>";
		};
		78800EBC1D9FC9F7006C147D /* NetworkUtils */ = {
			isa = PBXGroup;
			children = (
				78800EBD1D9FCA09006C147D /* AsyncData.swift */,
			);
			name = NetworkUtils;
			sourceTree = "<group>";
		};
		78F64F791D97D2BD0049424F /* Controllers */ = {
			isa = PBXGroup;
			children = (
				78F64F7A1D97D2CB0049424F /* CoreDataTableViewController.swift */,
				78F64F821D982B320049424F /* LibraryViewController.swift */,
				7877346B1DA15E4B0018D734 /* CoreDataCollectionViewController.swift */,
				7877346D1DA15F660018D734 /* AnnotationViewController.swift */,
				7877347B1DA188460018D734 /* AnnotationViewController.xib */,
				78F64F7E1D97E7020049424F /* ModalViewController.xib */,
				78F64F801D97E8410049424F /* ModalViewController.swift */,
				78800EBF1DA01B3E006C147D /* BookViewController.swift */,
				78800EC01DA01B3E006C147D /* BookViewController.xib */,
				78800EC31DA01CE7006C147D /* PDFViewController.swift */,
				78800EC41DA01CE7006C147D /* PDFViewController.xib */,
				7877346F1DA1615A0018D734 /* NoteViewController.swift */,
				787734701DA1615A0018D734 /* NoteViewController.xib */,
				787734711DA1615A0018D734 /* PhotoViewController.swift */,
				787734721DA1615A0018D734 /* PhotoViewController.xib */,
			);
			name = Controllers;
			sourceTree = "<group>";
		};
/* End PBXGroup section */

/* Begin PBXNativeTarget section */
		786C22ED1D8F1BAA0045B545 /* HackerBooksPro */ = {
			isa = PBXNativeTarget;
			buildConfigurationList = 786C23001D8F1BAA0045B545 /* Build configuration list for PBXNativeTarget "HackerBooksPro" */;
			buildPhases = (
				786C22EA1D8F1BAA0045B545 /* Sources */,
				786C22EB1D8F1BAA0045B545 /* Frameworks */,
				786C22EC1D8F1BAA0045B545 /* Resources */,
			);
			buildRules = (
			);
			dependencies = (
			);
			name = HackerBooksPro;
			productName = HackerBooksPro;
			productReference = 786C22EE1D8F1BAA0045B545 /* HackerBooksPro.app */;
			productType = "com.apple.product-type.application";
		};
/* End PBXNativeTarget section */

/* Begin PBXProject section */
		786C22E61D8F1BAA0045B545 /* Project object */ = {
			isa = PBXProject;
			attributes = {
				LastSwiftUpdateCheck = 0800;
				LastUpgradeCheck = 0800;
				ORGANIZATIONNAME = "Alma Martinez";
				TargetAttributes = {
					786C22ED1D8F1BAA0045B545 = {
						CreatedOnToolsVersion = 8.0;
						DevelopmentTeam = 5WC4XBAG5K;
						ProvisioningStyle = Automatic;
					};
				};
			};
			buildConfigurationList = 786C22E91D8F1BAA0045B545 /* Build configuration list for PBXProject "HackerBooksPro" */;
			compatibilityVersion = "Xcode 3.2";
			developmentRegion = English;
			hasScannedForEncodings = 0;
			knownRegions = (
				en,
				Base,
			);
			mainGroup = 786C22E51D8F1BAA0045B545;
			productRefGroup = 786C22EF1D8F1BAA0045B545 /* Products */;
			projectDirPath = "";
			projectRoot = "";
			targets = (
				786C22ED1D8F1BAA0045B545 /* HackerBooksPro */,
			);
		};
/* End PBXProject section */

/* Begin PBXResourcesBuildPhase section */
		786C22EC1D8F1BAA0045B545 /* Resources */ = {
			isa = PBXResourcesBuildPhase;
			buildActionMask = 2147483647;
			files = (
				786C22FC1D8F1BAA0045B545 /* LaunchScreen.storyboard in Resources */,
				78800EC21DA01B3E006C147D /* BookViewController.xib in Resources */,
				78F64F7F1D97E7020049424F /* ModalViewController.xib in Resources */,
				784091971D970F66002074C2 /* emptyPdf.pdf in Resources */,
				787734761DA1615A0018D734 /* PhotoViewController.xib in Resources */,
				784091981D970F66002074C2 /* books_readable.json in Resources */,
				787734781DA162C40018D734 /* NoteViewCell.xib in Resources */,
				7877347C1DA188460018D734 /* AnnotationViewController.xib in Resources */,
				786C22F91D8F1BAA0045B545 /* Assets.xcassets in Resources */,
				784091961D970F66002074C2 /* emptyBookCover.png in Resources */,
				78800EC61DA01CE7006C147D /* PDFViewController.xib in Resources */,
				787734741DA1615A0018D734 /* NoteViewController.xib in Resources */,
				78719C241D9D8A9400D82A85 /* BookTableViewCell.xib in Resources */,
			);
			runOnlyForDeploymentPostprocessing = 0;
		};
/* End PBXResourcesBuildPhase section */

/* Begin PBXSourcesBuildPhase section */
		786C22EA1D8F1BAA0045B545 /* Sources */ = {
			isa = PBXSourcesBuildPhase;
			buildActionMask = 2147483647;
			files = (
				784DEE441D91B38E0043153A /* Book+CoreDataClass.swift in Sources */,
				78F64F7B1D97D2CB0049424F /* CoreDataTableViewController.swift in Sources */,
				78719C231D9D8A9400D82A85 /* BookTableViewCell.swift in Sources */,
				78800EBE1D9FCA09006C147D /* AsyncData.swift in Sources */,
				784DEE471D91B38E0043153A /* BookCover+CoreDataProperties.swift in Sources */,
				7877346A1DA10DD00018D734 /* Utils.swift in Sources */,
				784DEE4E1D91B38E0043153A /* Pdf+CoreDataClass.swift in Sources */,
				784DEE451D91B38E0043153A /* Book+CoreDataProperties.swift in Sources */,
				784DEE4D1D91B38E0043153A /* Tag+CoreDataProperties.swift in Sources */,
				784DEE571D91CE2C0043153A /* Photo+CoreDataProperties.swift in Sources */,
				786C22F21D8F1BAA0045B545 /* AppDelegate.swift in Sources */,
				784DEE581D91CE2C0043153A /* Localization+CoreDataClass.swift in Sources */,
				7877347A1DA162E60018D734 /* NoteViewCell.swift in Sources */,
				784DEE481D91B38E0043153A /* BookTag+CoreDataClass.swift in Sources */,
				78F64F811D97E8410049424F /* ModalViewController.swift in Sources */,
				78F64F831D982B320049424F /* LibraryViewController.swift in Sources */,
				786C23051D8F1BBE0045B545 /* Model.xcdatamodeld in Sources */,
				784DEE5B1D91CE2C0043153A /* Note+CoreDataProperties.swift in Sources */,
				784DEE4A1D91B38E0043153A /* Author+CoreDataClass.swift in Sources */,
				78800EC11DA01B3E006C147D /* BookViewController.swift in Sources */,
				7877346E1DA15F660018D734 /* AnnotationViewController.swift in Sources */,
				78800EC51DA01CE7006C147D /* PDFViewController.swift in Sources */,
				784DEE591D91CE2C0043153A /* Localization+CoreDataProperties.swift in Sources */,
				784DEE4C1D91B38E0043153A /* Tag+CoreDataClass.swift in Sources */,
				784DEE4B1D91B38E0043153A /* Author+CoreDataProperties.swift in Sources */,
				784DEE5A1D91CE2C0043153A /* Note+CoreDataClass.swift in Sources */,
				787734731DA1615A0018D734 /* NoteViewController.swift in Sources */,
				784DEE4F1D91B38E0043153A /* Pdf+CoreDataProperties.swift in Sources */,
				787734751DA1615A0018D734 /* PhotoViewController.swift in Sources */,
				784DEE561D91CE2C0043153A /* Photo+CoreDataClass.swift in Sources */,
				784DEE461D91B38E0043153A /* BookCover+CoreDataClass.swift in Sources */,
				784091911D96DFBA002074C2 /* JSONProcessing.swift in Sources */,
				784DEE491D91B38E0043153A /* BookTag+CoreDataProperties.swift in Sources */,
				784DEE361D91B3030043153A /* CoreDataStack.swift in Sources */,
				7877346C1DA15E4B0018D734 /* CoreDataCollectionViewController.swift in Sources */,
			);
			runOnlyForDeploymentPostprocessing = 0;
		};
/* End PBXSourcesBuildPhase section */

/* Begin PBXVariantGroup section */
		786C22FA1D8F1BAA0045B545 /* LaunchScreen.storyboard */ = {
			isa = PBXVariantGroup;
			children = (
				786C22FB1D8F1BAA0045B545 /* Base */,
			);
			name = LaunchScreen.storyboard;
			sourceTree = "<group>";
		};
/* End PBXVariantGroup section */

/* Begin XCBuildConfiguration section */
		786C22FE1D8F1BAA0045B545 /* Debug */ = {
			isa = XCBuildConfiguration;
			buildSettings = {
				ALWAYS_SEARCH_USER_PATHS = NO;
				CLANG_ANALYZER_NONNULL = YES;
				CLANG_CXX_LANGUAGE_STANDARD = "gnu++0x";
				CLANG_CXX_LIBRARY = "libc++";
				CLANG_ENABLE_MODULES = YES;
				CLANG_ENABLE_OBJC_ARC = YES;
				CLANG_WARN_BOOL_CONVERSION = YES;
				CLANG_WARN_CONSTANT_CONVERSION = YES;
				CLANG_WARN_DIRECT_OBJC_ISA_USAGE = YES_ERROR;
				CLANG_WARN_DOCUMENTATION_COMMENTS = YES;
				CLANG_WARN_EMPTY_BODY = YES;
				CLANG_WARN_ENUM_CONVERSION = YES;
				CLANG_WARN_INFINITE_RECURSION = YES;
				CLANG_WARN_INT_CONVERSION = YES;
				CLANG_WARN_OBJC_ROOT_CLASS = YES_ERROR;
				CLANG_WARN_SUSPICIOUS_MOVES = YES;
				CLANG_WARN_UNREACHABLE_CODE = YES;
				CLANG_WARN__DUPLICATE_METHOD_MATCH = YES;
				"CODE_SIGN_IDENTITY[sdk=iphoneos*]" = "iPhone Developer";
				COPY_PHASE_STRIP = NO;
				DEBUG_INFORMATION_FORMAT = dwarf;
				ENABLE_STRICT_OBJC_MSGSEND = YES;
				ENABLE_TESTABILITY = YES;
				GCC_C_LANGUAGE_STANDARD = gnu99;
				GCC_DYNAMIC_NO_PIC = NO;
				GCC_NO_COMMON_BLOCKS = YES;
				GCC_OPTIMIZATION_LEVEL = 0;
				GCC_PREPROCESSOR_DEFINITIONS = (
					"DEBUG=1",
					"$(inherited)",
				);
				GCC_WARN_64_TO_32_BIT_CONVERSION = YES;
				GCC_WARN_ABOUT_RETURN_TYPE = YES_ERROR;
				GCC_WARN_UNDECLARED_SELECTOR = YES;
				GCC_WARN_UNINITIALIZED_AUTOS = YES_AGGRESSIVE;
				GCC_WARN_UNUSED_FUNCTION = YES;
				GCC_WARN_UNUSED_VARIABLE = YES;
				IPHONEOS_DEPLOYMENT_TARGET = 10.0;
				MTL_ENABLE_DEBUG_INFO = YES;
				ONLY_ACTIVE_ARCH = YES;
				SDKROOT = iphoneos;
				SWIFT_ACTIVE_COMPILATION_CONDITIONS = DEBUG;
				SWIFT_OPTIMIZATION_LEVEL = "-Onone";
				TARGETED_DEVICE_FAMILY = "1,2";
			};
			name = Debug;
		};
		786C22FF1D8F1BAA0045B545 /* Release */ = {
			isa = XCBuildConfiguration;
			buildSettings = {
				ALWAYS_SEARCH_USER_PATHS = NO;
				CLANG_ANALYZER_NONNULL = YES;
				CLANG_CXX_LANGUAGE_STANDARD = "gnu++0x";
				CLANG_CXX_LIBRARY = "libc++";
				CLANG_ENABLE_MODULES = YES;
				CLANG_ENABLE_OBJC_ARC = YES;
				CLANG_WARN_BOOL_CONVERSION = YES;
				CLANG_WARN_CONSTANT_CONVERSION = YES;
				CLANG_WARN_DIRECT_OBJC_ISA_USAGE = YES_ERROR;
				CLANG_WARN_DOCUMENTATION_COMMENTS = YES;
				CLANG_WARN_EMPTY_BODY = YES;
				CLANG_WARN_ENUM_CONVERSION = YES;
				CLANG_WARN_INFINITE_RECURSION = YES;
				CLANG_WARN_INT_CONVERSION = YES;
				CLANG_WARN_OBJC_ROOT_CLASS = YES_ERROR;
				CLANG_WARN_SUSPICIOUS_MOVES = YES;
				CLANG_WARN_UNREACHABLE_CODE = YES;
				CLANG_WARN__DUPLICATE_METHOD_MATCH = YES;
				"CODE_SIGN_IDENTITY[sdk=iphoneos*]" = "iPhone Developer";
				COPY_PHASE_STRIP = NO;
				DEBUG_INFORMATION_FORMAT = "dwarf-with-dsym";
				ENABLE_NS_ASSERTIONS = NO;
				ENABLE_STRICT_OBJC_MSGSEND = YES;
				GCC_C_LANGUAGE_STANDARD = gnu99;
				GCC_NO_COMMON_BLOCKS = YES;
				GCC_WARN_64_TO_32_BIT_CONVERSION = YES;
				GCC_WARN_ABOUT_RETURN_TYPE = YES_ERROR;
				GCC_WARN_UNDECLARED_SELECTOR = YES;
				GCC_WARN_UNINITIALIZED_AUTOS = YES_AGGRESSIVE;
				GCC_WARN_UNUSED_FUNCTION = YES;
				GCC_WARN_UNUSED_VARIABLE = YES;
				IPHONEOS_DEPLOYMENT_TARGET = 10.0;
				MTL_ENABLE_DEBUG_INFO = NO;
				SDKROOT = iphoneos;
				SWIFT_OPTIMIZATION_LEVEL = "-Owholemodule";
				TARGETED_DEVICE_FAMILY = "1,2";
				VALIDATE_PRODUCT = YES;
			};
			name = Release;
		};
		786C23011D8F1BAA0045B545 /* Debug */ = {
			isa = XCBuildConfiguration;
			buildSettings = {
				ASSETCATALOG_COMPILER_APPICON_NAME = AppIcon;
				DEVELOPMENT_TEAM = 5WC4XBAG5K;
				INFOPLIST_FILE = HackerBooksPro/Info.plist;
				LD_RUNPATH_SEARCH_PATHS = "$(inherited) @executable_path/Frameworks";
				PRODUCT_BUNDLE_IDENTIFIER = almamartinez.HackerBooksPro;
				PRODUCT_NAME = "$(TARGET_NAME)";
				SWIFT_VERSION = 3.0;
			};
			name = Debug;
		};
		786C23021D8F1BAA0045B545 /* Release */ = {
			isa = XCBuildConfiguration;
			buildSettings = {
				ASSETCATALOG_COMPILER_APPICON_NAME = AppIcon;
				DEVELOPMENT_TEAM = 5WC4XBAG5K;
				INFOPLIST_FILE = HackerBooksPro/Info.plist;
				LD_RUNPATH_SEARCH_PATHS = "$(inherited) @executable_path/Frameworks";
				PRODUCT_BUNDLE_IDENTIFIER = almamartinez.HackerBooksPro;
				PRODUCT_NAME = "$(TARGET_NAME)";
				SWIFT_VERSION = 3.0;
			};
			name = Release;
		};
/* End XCBuildConfiguration section */

/* Begin XCConfigurationList section */
		786C22E91D8F1BAA0045B545 /* Build configuration list for PBXProject "HackerBooksPro" */ = {
			isa = XCConfigurationList;
			buildConfigurations = (
				786C22FE1D8F1BAA0045B545 /* Debug */,
				786C22FF1D8F1BAA0045B545 /* Release */,
			);
			defaultConfigurationIsVisible = 0;
			defaultConfigurationName = Release;
		};
		786C23001D8F1BAA0045B545 /* Build configuration list for PBXNativeTarget "HackerBooksPro" */ = {
			isa = XCConfigurationList;
			buildConfigurations = (
				786C23011D8F1BAA0045B545 /* Debug */,
				786C23021D8F1BAA0045B545 /* Release */,
			);
			defaultConfigurationIsVisible = 0;
			defaultConfigurationName = Release;
		};
/* End XCConfigurationList section */

/* Begin XCVersionGroup section */
		786C23031D8F1BBE0045B545 /* Model.xcdatamodeld */ = {
			isa = XCVersionGroup;
			children = (
				784091991D9719DB002074C2 /* Model2.xcdatamodel */,
				786C23041D8F1BBE0045B545 /* Model.xcdatamodel */,
			);
			currentVersion = 784091991D9719DB002074C2 /* Model2.xcdatamodel */;
			path = Model.xcdatamodeld;
			sourceTree = "<group>";
			versionGroupType = wrapper.xcdatamodel;
		};
/* End XCVersionGroup section */
	};
	rootObject = 786C22E61D8F1BAA0045B545 /* Project object */;
}
